
Microsoft Visual Studio Solution File, Format Version 12.00
# Visual Studio 15
VisualStudioVersion = 15.0.27703.2026
MinimumVisualStudioVersion = 10.0.40219.1
Project("{FAE04EC0-301F-11D3-BF4B-00C04F79EFBC}") = "SheepDog", "SheepDog\SheepDog.csproj", "{1AD1752A-3E75-4F2A-B23F-154660610F8D}"
EndProject
Project("{930C7802-8A8C-48F9-8165-68863BCCD9DD}") = "SheepDogSetup", "Setup\SheepDogSetup.wixproj", "{2B0AA14E-7D46-4B99-B41A-DE15356F92AB}"
	ProjectSection(ProjectDependencies) = postProject
		{1AD1752A-3E75-4F2A-B23F-154660610F8D} = {1AD1752A-3E75-4F2A-B23F-154660610F8D}
	EndProjectSection
EndProject
Global
	GlobalSection(SolutionConfigurationPlatforms) = preSolution
		Debug|Any CPU = Debug|Any CPU
		Debug|x86 = Debug|x86
		Release|Any CPU = Release|Any CPU
		Release|x86 = Release|x86
	EndGlobalSection
	GlobalSection(ProjectConfigurationPlatforms) = postSolution
		{1AD1752A-3E75-4F2A-B23F-154660610F8D}.Debug|Any CPU.ActiveCfg = Debug|Any CPU
		{1AD1752A-3E75-4F2A-B23F-154660610F8D}.Debug|Any CPU.Build.0 = Debug|Any CPU
		{1AD1752A-3E75-4F2A-B23F-154660610F8D}.Debug|x86.ActiveCfg = Debug|Any CPU
		{1AD1752A-3E75-4F2A-B23F-154660610F8D}.Debug|x86.Build.0 = Debug|Any CPU
		{1AD1752A-3E75-4F2A-B23F-154660610F8D}.Release|Any CPU.ActiveCfg = Release|Any CPU
		{1AD1752A-3E75-4F2A-B23F-154660610F8D}.Release|Any CPU.Build.0 = Release|Any CPU
		{1AD1752A-3E75-4F2A-B23F-154660610F8D}.Release|x86.ActiveCfg = Release|Any CPU
		{1AD1752A-3E75-4F2A-B23F-154660610F8D}.Release|x86.Build.0 = Release|Any CPU
		{2B0AA14E-7D46-4B99-B41A-DE15356F92AB}.Debug|Any CPU.ActiveCfg = Debug|x86
		{2B0AA14E-7D46-4B99-B41A-DE15356F92AB}.Debug|Any CPU.Build.0 = Debug|x86
		{2B0AA14E-7D46-4B99-B41A-DE15356F92AB}.Debug|x86.ActiveCfg = Debug|x86
		{2B0AA14E-7D46-4B99-B41A-DE15356F92AB}.Debug|x86.Build.0 = Debug|x86
		{2B0AA14E-7D46-4B99-B41A-DE15356F92AB}.Release|Any CPU.ActiveCfg = Release|x86
		{2B0AA14E-7D46-4B99-B41A-DE15356F92AB}.Release|Any CPU.Build.0 = Release|x86
		{2B0AA14E-7D46-4B99-B41A-DE15356F92AB}.Release|x86.ActiveCfg = Release|x86
		{2B0AA14E-7D46-4B99-B41A-DE15356F92AB}.Release|x86.Build.0 = Release|x86
	EndGlobalSection
	GlobalSection(SolutionProperties) = preSolution
		HideSolutionNode = FALSE
	EndGlobalSection
	GlobalSection(ExtensibilityGlobals) = postSolution
		SolutionGuid = {98DF9D92-7FF2-4E1F-9072-B9D0208504A4}
	EndGlobalSection
EndGlobal
